Microsoft Visual Studio Solution File, Format Version 12.00
# Visual Studio Version 17
VisualStudioVersion = 17.5.2.0
MinimumVisualStudioVersion = 10.0.40219.1
Project("{FAE04EC0-301F-11D3-BF4B-00C04F79EFBC}") = "Convertor", "Convertor.csproj", "{D49FAF0D-2A7D-6EC0-710F-E20BA6B3BC28}"
EndProject
Global
	GlobalSection(SolutionConfigurationPlatforms) = preSolution
		Debug|Any CPU = Debug|Any CPU
		Release|Any CPU = Release|Any CPU
	EndGlobalSection
	GlobalSection(ProjectConfigurationPlatforms) = postSolution
		{D49FAF0D-2A7D-6EC0-710F-E20BA6B3BC28}.Debug|Any CPU.ActiveCfg = Debug|Any CPU
		{D49FAF0D-2A7D-6EC0-710F-E20BA6B3BC28}.Debug|Any CPU.Build.0 = Debug|Any CPU
		{D49FAF0D-2A7D-6EC0-710F-E20BA6B3BC28}.Release|Any CPU.ActiveCfg = Release|Any CPU
		{D49FAF0D-2A7D-6EC0-710F-E20BA6B3BC28}.Release|Any CPU.Build.0 = Release|Any CPU
	EndGlobalSection
	GlobalSection(SolutionProperties) = preSolution
		HideSolutionNode = FALSE
	EndGlobalSection
	GlobalSection(ExtensibilityGlobals) = postSolution
		SolutionGuid = {2CD780AB-CE46-4A5B-B8BD-9998C87FE920}
	EndGlobalSection
EndGlobal
